{
  "name": "js-ecs-benchmarks",
  "version": "1.0.0",
  "lockfileVersion": 1,
  "requires": true,
  "dependencies": {
    "ape-ecs": {
      "version": "1.3.0",
      "resolved": "https://registry.npmjs.org/ape-ecs/-/ape-ecs-1.3.0.tgz",
      "integrity": "sha512-968xe09Kqm6lJh8bL3T99boy2Sut2Ntycd0UEuSxalpMAg83stJPqKCdqqOYgA8iDx6cqPUxeOw2o7SrjPZN+Q=="
    },
    "camelcase": {
      "version": "6.0.0",
      "resolved": "https://registry.npmjs.org/camelcase/-/camelcase-6.0.0.tgz",
      "integrity": "sha512-8KMDF1Vz2gzOq54ONPJS65IvTUaB1cHJ2DMM7MbPmLZljDH1qpzzLsWdiN9pHh6qvkRVDTi/07+eNGch/oLU4w=="
    },
    "ecsy": {
      "version": "0.4.2",
      "resolved": "https://registry.npmjs.org/ecsy/-/ecsy-0.4.2.tgz",
      "integrity": "sha512-dVKOkuz1IsRvS7GlHcWghUtMZzXr70h6b+SQEHlKy2RgsCRNDzdYr6a43Q6HafuquA/67YFZCQt8zqadq/jlLA=="
    },
    "geotic": {
      "version": "4.1.0",
      "resolved": "https://registry.npmjs.org/geotic/-/geotic-4.1.0.tgz",
      "integrity": "sha512-JgsJKzagCzC29v2dy0J/Gtsid1+3fmRN6WhX3NXUKYtHM5uDMIsQwP/R00LJFzCIQhyq5YxkXxGulL1B5gILeQ==",
      "requires": {
        "camelcase": "6.0.0",
        "nanoid": "3.1.3"
      }
    },
    "geotic-legacy": {
      "version": "3.5.5",
      "resolved": "https://registry.npmjs.org/geotic-legacy/-/geotic-legacy-3.5.5.tgz",
      "integrity": "sha512-eJcgP/favflF+O8P0rv3fxyuEoriwfGzM8/i81EWFcFyuR88QfDzWDelyIZNqRuE6ZBDhuxKIO7PQPA0DAlaug==",
      "requires": {
        "camelcase": "6.0.0",
        "nanoid": "3.1.3"
      }
    },
    "microtime": {
      "version": "3.0.0",
      "resolved": "https://registry.npmjs.org/microtime/-/microtime-3.0.0.tgz",
      "integrity": "sha512-SirJr7ZL4ow2iWcb54bekS4aWyBQNVcEDBiwAz9D/sTgY59A+uE8UJU15cp5wyZmPBwg/3zf8lyCJ5NUe1nVlQ==",
      "requires": {
        "node-addon-api": "^1.2.0",
        "node-gyp-build": "^3.8.0"
      }
    },
    "nano-ecs": {
      "version": "2.4.0",
      "resolved": "https://registry.npmjs.org/nano-ecs/-/nano-ecs-2.4.0.tgz",
      "integrity": "sha512-joV4lvMWQaxgEzkwpeNCF/R/iOwPXzhFe/Ekc4zZGI0HgurYnoULXEPnxR7yv6QFkQEwoAPx5eEcrT1lbHTSpQ==",
      "requires": {
        "reuse-pool": "^1.0.2",
        "typedef": "~1.0.2"
      }
    },
    "nanoid": {
      "version": "3.1.3",
      "resolved": "https://registry.npmjs.org/nanoid/-/nanoid-3.1.3.tgz",
      "integrity": "sha512-Zw8rTOUfh6FlKgkEbHiB1buOF2zOPOQyGirABUWn+9Z7m9PpyoLVkh6Ksc53vBjndINQ2+9LfRPaHxb/u45EGg=="
    },
    "node-addon-api": {
      "version": "1.7.2",
      "resolved": "https://registry.npmjs.org/node-addon-api/-/node-addon-api-1.7.2.tgz",
      "integrity": "sha512-ibPK3iA+vaY1eEjESkQkM0BbCqFOaZMiXRTtdB0u7b4djtY6JnsjvPdUHVMg6xQt3B8fpTTWHI9A+ADjM9frzg=="
    },
    "node-gyp-build": {
      "version": "3.9.0",
      "resolved": "https://registry.npmjs.org/node-gyp-build/-/node-gyp-build-3.9.0.tgz",
      "integrity": "sha512-zLcTg6P4AbcHPq465ZMFNXx7XpKKJh+7kkN699NiQWisR2uWYOWNWqRHAmbnmKiL4e9aLSlmy5U7rEMUXV59+A=="
    },
    "perform-ecs": {
      "version": "0.7.8",
      "resolved": "https://registry.npmjs.org/perform-ecs/-/perform-ecs-0.7.8.tgz",
      "integrity": "sha512-+4WYfCW6/ZVYQDF+78RJc7oWmK2dqtfsdDRfB/kyiHfbQfRIWldJqn2hpQt0ByDWQgtFQrMGGpED1S9wQj3WOw=="
    },
    "reuse-pool": {
      "version": "1.0.2",
      "resolved": "https://registry.npmjs.org/reuse-pool/-/reuse-pool-1.0.2.tgz",
      "integrity": "sha1-hPCRVk2N/EagPKeCWss3E3W21Fw="
    },
    "tiny-ecs": {
      "version": "2.0.0",
      "resolved": "https://registry.npmjs.org/tiny-ecs/-/tiny-ecs-2.0.0.tgz",
      "integrity": "sha1-lmuB+UqXXasI1GCmkdYl90wpVBw=",
      "requires": {
        "typedef": "~1.0.2"
      }
    },
    "typedef": {
      "version": "1.0.4",
      "resolved": "https://registry.npmjs.org/typedef/-/typedef-1.0.4.tgz",
      "integrity": "sha1-+DOIgWkWBk2UYAjZrrKXyqq/ODs="
    }
  }
}
