{
    "name": "js-ecs-benchmarks",
    "version": "1.0.0",
    "lockfileVersion": 2,
    "requires": true,
    "packages": {
        "": {
            "version": "1.0.0",
            "dependencies": {
                "ape-ecs": "^1.3.0",
                "bitecs": "^0.2.7",
                "ecsy": "^0.4.2",
                "elegant-spinner": "^2.0.0",
                "fastecs": "^0.0.3",
                "geotic": "^4.1.0",
                "geotic-legacy": "^3.5.5",
                "log-update": "^4.0.0",
                "nano-ecs": "^2.4.0",
                "perform-ecs": "^0.7.8",
                "tiny-ecs": "^2.0.0",
                "uecs": "0.1.7",
                "yagl-ecs": "^1.1.0"
            },
            "devDependencies": {
                "prettier": "^2.2.1"
            }
        },
        "node_modules/ansi-escapes": {
            "version": "4.3.1",
            "resolved": "https://registry.npmjs.org/ansi-escapes/-/ansi-escapes-4.3.1.tgz",
            "integrity": "sha512-JWF7ocqNrp8u9oqpgV+wH5ftbt+cfvv+PTjOvKLT3AdYly/LmORARfEVT1iyjwN+4MqE5UmVKoAdIBqeoCHgLA==",
            "dependencies": {
                "type-fest": "^0.11.0"
            },
            "engines": {
                "node": ">=8"
            }
        },
        "node_modules/ansi-regex": {
            "version": "5.0.0",
            "resolved": "https://registry.npmjs.org/ansi-regex/-/ansi-regex-5.0.0.tgz",
            "integrity": "sha512-bY6fj56OUQ0hU1KjFNDQuJFezqKdrAyFdIevADiqrWHwSlbmBNMHp5ak2f40Pm8JTFyM2mqxkG6ngkHO11f/lg==",
            "engines": {
                "node": ">=8"
            }
        },
        "node_modules/ansi-styles": {
            "version": "4.3.0",
            "resolved": "https://registry.npmjs.org/ansi-styles/-/ansi-styles-4.3.0.tgz",
            "integrity": "sha512-zbB9rCJAT1rbjiVDb2hqKFHNYLxgtk8NURxZ3IZwD3F6NtxbXZQCnnSi1Lkx+IDohdPlFp222wVALIheZJQSEg==",
            "dependencies": {
                "color-convert": "^2.0.1"
            },
            "engines": {
                "node": ">=8"
            }
        },
        "node_modules/ape-ecs": {
            "version": "1.3.0",
            "resolved": "https://registry.npmjs.org/ape-ecs/-/ape-ecs-1.3.0.tgz",
            "integrity": "sha512-968xe09Kqm6lJh8bL3T99boy2Sut2Ntycd0UEuSxalpMAg83stJPqKCdqqOYgA8iDx6cqPUxeOw2o7SrjPZN+Q=="
        },
        "node_modules/astral-regex": {
            "version": "2.0.0",
            "resolved": "https://registry.npmjs.org/astral-regex/-/astral-regex-2.0.0.tgz",
            "integrity": "sha512-Z7tMw1ytTXt5jqMcOP+OQteU1VuNK9Y02uuJtKQ1Sv69jXQKKg5cibLwGJow8yzZP+eAc18EmLGPal0bp36rvQ==",
            "engines": {
                "node": ">=8"
            }
        },
        "node_modules/bitecs": {
            "version": "0.2.7",
            "resolved": "https://registry.npmjs.org/bitecs/-/bitecs-0.2.7.tgz",
            "integrity": "sha512-yZzb9BC7hR30AwCrh8/cvl4v877ZfHHQzxyQvw5UFjSuNwpmWPEm90DW4NmtSjWRgCq9xQOCbsKDuhsKB2aTxg=="
        },
        "node_modules/camelcase": {
            "version": "6.0.0",
            "resolved": "https://registry.npmjs.org/camelcase/-/camelcase-6.0.0.tgz",
            "integrity": "sha512-8KMDF1Vz2gzOq54ONPJS65IvTUaB1cHJ2DMM7MbPmLZljDH1qpzzLsWdiN9pHh6qvkRVDTi/07+eNGch/oLU4w==",
            "engines": {
                "node": ">=10"
            }
        },
        "node_modules/cli-cursor": {
            "version": "3.1.0",
            "resolved": "https://registry.npmjs.org/cli-cursor/-/cli-cursor-3.1.0.tgz",
            "integrity": "sha512-I/zHAwsKf9FqGoXM4WWRACob9+SNukZTd94DWF57E4toouRulbCxcUh6RKUEOQlYTHJnzkPMySvPNaaSLNfLZw==",
            "dependencies": {
                "restore-cursor": "^3.1.0"
            },
            "engines": {
                "node": ">=8"
            }
        },
        "node_modules/color-convert": {
            "version": "2.0.1",
            "resolved": "https://registry.npmjs.org/color-convert/-/color-convert-2.0.1.tgz",
            "integrity": "sha512-RRECPsj7iu/xb5oKYcsFHSppFNnsj/52OVTRKb4zP5onXwVF3zVmmToNcOfGC+CRDpfK/U584fMg38ZHCaElKQ==",
            "dependencies": {
                "color-name": "~1.1.4"
            },
            "engines": {
                "node": ">=7.0.0"
            }
        },
        "node_modules/color-name": {
            "version": "1.1.4",
            "resolved": "https://registry.npmjs.org/color-name/-/color-name-1.1.4.tgz",
            "integrity": "sha512-dOy+3AuW3a2wNbZHIuMZpTcgjGuLU/uBL/ubcZF9OXbDo8ff4O8yVp5Bf0efS8uEoYo5q4Fx7dY9OgQGXgAsQA=="
        },
        "node_modules/ecsy": {
            "version": "0.4.2",
            "resolved": "https://registry.npmjs.org/ecsy/-/ecsy-0.4.2.tgz",
            "integrity": "sha512-dVKOkuz1IsRvS7GlHcWghUtMZzXr70h6b+SQEHlKy2RgsCRNDzdYr6a43Q6HafuquA/67YFZCQt8zqadq/jlLA=="
        },
        "node_modules/elegant-spinner": {
            "version": "2.0.0",
            "resolved": "https://registry.npmjs.org/elegant-spinner/-/elegant-spinner-2.0.0.tgz",
            "integrity": "sha512-5YRYHhvhYzV/FC4AiMdeSIg3jAYGq9xFvbhZMpPlJoBsfYgrw2DSCYeXfat6tYBu45PWiyRr3+flaCPPmviPaA==",
            "engines": {
                "node": ">=8"
            }
        },
        "node_modules/emoji-regex": {
            "version": "8.0.0",
            "resolved": "https://registry.npmjs.org/emoji-regex/-/emoji-regex-8.0.0.tgz",
            "integrity": "sha512-MSjYzcWNOA0ewAHpz0MxpYFvwg6yjy1NG3xteoqz644VCo/RPgnr1/GGt+ic3iJTzQ8Eu3TdM14SawnVUmGE6A=="
        },
        "node_modules/fastecs": {
            "version": "0.0.3",
            "resolved": "https://registry.npmjs.org/fastecs/-/fastecs-0.0.3.tgz",
            "integrity": "sha512-WaqKvseOn8BLns8VCJb1upsH4FlFzfUBKZAm9OmMK+h4E/bFbzx+mpBQ/bxncWpfRw3Tl7z9LDWqB4yc35aN7Q=="
        },
        "node_modules/geotic": {
            "version": "4.1.0",
            "resolved": "https://registry.npmjs.org/geotic/-/geotic-4.1.0.tgz",
            "integrity": "sha512-JgsJKzagCzC29v2dy0J/Gtsid1+3fmRN6WhX3NXUKYtHM5uDMIsQwP/R00LJFzCIQhyq5YxkXxGulL1B5gILeQ==",
            "dependencies": {
                "camelcase": "6.0.0",
                "nanoid": "3.1.3"
            }
        },
        "node_modules/geotic-legacy": {
            "version": "3.5.5",
            "resolved": "https://registry.npmjs.org/geotic-legacy/-/geotic-legacy-3.5.5.tgz",
            "integrity": "sha512-eJcgP/favflF+O8P0rv3fxyuEoriwfGzM8/i81EWFcFyuR88QfDzWDelyIZNqRuE6ZBDhuxKIO7PQPA0DAlaug==",
            "dependencies": {
                "camelcase": "6.0.0",
                "nanoid": "3.1.3"
            }
        },
        "node_modules/is-fullwidth-code-point": {
            "version": "3.0.0",
            "resolved": "https://registry.npmjs.org/is-fullwidth-code-point/-/is-fullwidth-code-point-3.0.0.tgz",
            "integrity": "sha512-zymm5+u+sCsSWyD9qNaejV3DFvhCKclKdizYaJUuHA83RLjb7nSuGnddCHGv0hk+KY7BMAlsWeK4Ueg6EV6XQg==",
            "engines": {
                "node": ">=8"
            }
        },
        "node_modules/log-update": {
            "version": "4.0.0",
            "resolved": "https://registry.npmjs.org/log-update/-/log-update-4.0.0.tgz",
            "integrity": "sha512-9fkkDevMefjg0mmzWFBW8YkFP91OrizzkW3diF7CpG+S2EYdy4+TVfGwz1zeF8x7hCx1ovSPTOE9Ngib74qqUg==",
            "dependencies": {
                "ansi-escapes": "^4.3.0",
                "cli-cursor": "^3.1.0",
                "slice-ansi": "^4.0.0",
                "wrap-ansi": "^6.2.0"
            },
            "engines": {
                "node": ">=10"
            }
        },
        "node_modules/mimic-fn": {
            "version": "2.1.0",
            "resolved": "https://registry.npmjs.org/mimic-fn/-/mimic-fn-2.1.0.tgz",
            "integrity": "sha512-OqbOk5oEQeAZ8WXWydlu9HJjz9WVdEIvamMCcXmuqUYjTknH/sqsWvhQ3vgwKFRR1HpjvNBKQ37nbJgYzGqGcg==",
            "engines": {
                "node": ">=6"
            }
        },
        "node_modules/nano-ecs": {
            "version": "2.4.0",
            "resolved": "https://registry.npmjs.org/nano-ecs/-/nano-ecs-2.4.0.tgz",
            "integrity": "sha512-joV4lvMWQaxgEzkwpeNCF/R/iOwPXzhFe/Ekc4zZGI0HgurYnoULXEPnxR7yv6QFkQEwoAPx5eEcrT1lbHTSpQ==",
            "dependencies": {
                "reuse-pool": "^1.0.2",
                "typedef": "~1.0.2"
            }
        },
        "node_modules/nanoid": {
            "version": "3.1.3",
            "resolved": "https://registry.npmjs.org/nanoid/-/nanoid-3.1.3.tgz",
            "integrity": "sha512-Zw8rTOUfh6FlKgkEbHiB1buOF2zOPOQyGirABUWn+9Z7m9PpyoLVkh6Ksc53vBjndINQ2+9LfRPaHxb/u45EGg==",
            "bin": {
                "nanoid": "bin/nanoid.cjs"
            }
        },
        "node_modules/onetime": {
            "version": "5.1.2",
            "resolved": "https://registry.npmjs.org/onetime/-/onetime-5.1.2.tgz",
            "integrity": "sha512-kbpaSSGJTWdAY5KPVeMOKXSrPtr8C8C7wodJbcsd51jRnmD+GZu8Y0VoU6Dm5Z4vWr0Ig/1NKuWRKf7j5aaYSg==",
            "dependencies": {
                "mimic-fn": "^2.1.0"
            },
            "engines": {
                "node": ">=6"
            }
        },
        "node_modules/perform-ecs": {
            "version": "0.7.8",
            "resolved": "https://registry.npmjs.org/perform-ecs/-/perform-ecs-0.7.8.tgz",
            "integrity": "sha512-+4WYfCW6/ZVYQDF+78RJc7oWmK2dqtfsdDRfB/kyiHfbQfRIWldJqn2hpQt0ByDWQgtFQrMGGpED1S9wQj3WOw=="
        },
        "node_modules/prettier": {
            "version": "2.2.1",
            "resolved": "https://registry.npmjs.org/prettier/-/prettier-2.2.1.tgz",
            "integrity": "sha512-PqyhM2yCjg/oKkFPtTGUojv7gnZAoG80ttl45O6x2Ug/rMJw4wcc9k6aaf2hibP7BGVCCM33gZoGjyvt9mm16Q==",
            "dev": true,
            "bin": {
                "prettier": "bin-prettier.js"
            },
            "engines": {
                "node": ">=10.13.0"
            }
        },
        "node_modules/restore-cursor": {
            "version": "3.1.0",
            "resolved": "https://registry.npmjs.org/restore-cursor/-/restore-cursor-3.1.0.tgz",
            "integrity": "sha512-l+sSefzHpj5qimhFSE5a8nufZYAM3sBSVMAPtYkmC+4EH2anSGaEMXSD0izRQbu9nfyQ9y5JrVmp7E8oZrUjvA==",
            "dependencies": {
                "onetime": "^5.1.0",
                "signal-exit": "^3.0.2"
            },
            "engines": {
                "node": ">=8"
            }
        },
        "node_modules/reuse-pool": {
            "version": "1.0.2",
            "resolved": "https://registry.npmjs.org/reuse-pool/-/reuse-pool-1.0.2.tgz",
            "integrity": "sha1-hPCRVk2N/EagPKeCWss3E3W21Fw="
        },
        "node_modules/signal-exit": {
            "version": "3.0.3",
            "resolved": "https://registry.npmjs.org/signal-exit/-/signal-exit-3.0.3.tgz",
            "integrity": "sha512-VUJ49FC8U1OxwZLxIbTTrDvLnf/6TDgxZcK8wxR8zs13xpx7xbG60ndBlhNrFi2EMuFRoeDoJO7wthSLq42EjA=="
        },
        "node_modules/slice-ansi": {
            "version": "4.0.0",
            "resolved": "https://registry.npmjs.org/slice-ansi/-/slice-ansi-4.0.0.tgz",
            "integrity": "sha512-qMCMfhY040cVHT43K9BFygqYbUPFZKHOg7K73mtTWJRb8pyP3fzf4Ixd5SzdEJQ6MRUg/WBnOLxghZtKKurENQ==",
            "dependencies": {
                "ansi-styles": "^4.0.0",
                "astral-regex": "^2.0.0",
                "is-fullwidth-code-point": "^3.0.0"
            },
            "engines": {
                "node": ">=10"
            }
        },
        "node_modules/string-width": {
            "version": "4.2.0",
            "resolved": "https://registry.npmjs.org/string-width/-/string-width-4.2.0.tgz",
            "integrity": "sha512-zUz5JD+tgqtuDjMhwIg5uFVV3dtqZ9yQJlZVfq4I01/K5Paj5UHj7VyrQOJvzawSVlKpObApbfD0Ed6yJc+1eg==",
            "dependencies": {
                "emoji-regex": "^8.0.0",
                "is-fullwidth-code-point": "^3.0.0",
                "strip-ansi": "^6.0.0"
            },
            "engines": {
                "node": ">=8"
            }
        },
        "node_modules/strip-ansi": {
            "version": "6.0.0",
            "resolved": "https://registry.npmjs.org/strip-ansi/-/strip-ansi-6.0.0.tgz",
            "integrity": "sha512-AuvKTrTfQNYNIctbR1K/YGTR1756GycPsg7b9bdV9Duqur4gv6aKqHXah67Z8ImS7WEz5QVcOtlfW2rZEugt6w==",
            "dependencies": {
                "ansi-regex": "^5.0.0"
            },
            "engines": {
                "node": ">=8"
            }
        },
        "node_modules/tiny-ecs": {
            "version": "2.0.0",
            "resolved": "https://registry.npmjs.org/tiny-ecs/-/tiny-ecs-2.0.0.tgz",
            "integrity": "sha1-lmuB+UqXXasI1GCmkdYl90wpVBw=",
            "dependencies": {
                "typedef": "~1.0.2"
            }
        },
        "node_modules/type-fest": {
            "version": "0.11.0",
            "resolved": "https://registry.npmjs.org/type-fest/-/type-fest-0.11.0.tgz",
            "integrity": "sha512-OdjXJxnCN1AvyLSzeKIgXTXxV+99ZuXl3Hpo9XpJAv9MBcHrrJOQ5kV7ypXOuQie+AmWG25hLbiKdwYTifzcfQ==",
            "engines": {
                "node": ">=8"
            }
        },
        "node_modules/typedef": {
            "version": "1.0.4",
            "resolved": "https://registry.npmjs.org/typedef/-/typedef-1.0.4.tgz",
            "integrity": "sha1-+DOIgWkWBk2UYAjZrrKXyqq/ODs="
        },
        "node_modules/uecs": {
            "version": "0.1.7",
            "resolved": "https://registry.npmjs.org/uecs/-/uecs-0.1.7.tgz",
            "integrity": "sha512-fFs6Ive0p9q/hcd7UGnZSudHAHeC3YLI4S3nqG78U+MKdW0AV/fN806kuX7Y+LPMkGAJKphS6qt7J2FFMfpjEA=="
        },
        "node_modules/wrap-ansi": {
            "version": "6.2.0",
            "resolved": "https://registry.npmjs.org/wrap-ansi/-/wrap-ansi-6.2.0.tgz",
            "integrity": "sha512-r6lPcBGxZXlIcymEu7InxDMhdW0KDxpLgoFLcguasxCaJ/SOIZwINatK9KY/tf+ZrlywOKU0UDj3ATXUBfxJXA==",
            "dependencies": {
                "ansi-styles": "^4.0.0",
                "string-width": "^4.1.0",
                "strip-ansi": "^6.0.0"
            },
            "engines": {
                "node": ">=8"
            }
        },
        "node_modules/yagl-ecs": {
            "version": "1.1.0",
            "resolved": "https://registry.npmjs.org/yagl-ecs/-/yagl-ecs-1.1.0.tgz",
            "integrity": "sha1-dM1Qe/USpKEqmIYHFAR9/CQaaaY=",
            "engines": {
                "node": ">=0.10.0"
            }
        }
    },
    "dependencies": {
        "ansi-escapes": {
            "version": "4.3.1",
            "resolved": "https://registry.npmjs.org/ansi-escapes/-/ansi-escapes-4.3.1.tgz",
            "integrity": "sha512-JWF7ocqNrp8u9oqpgV+wH5ftbt+cfvv+PTjOvKLT3AdYly/LmORARfEVT1iyjwN+4MqE5UmVKoAdIBqeoCHgLA==",
            "requires": {
                "type-fest": "^0.11.0"
            }
        },
        "ansi-regex": {
            "version": "5.0.0",
            "resolved": "https://registry.npmjs.org/ansi-regex/-/ansi-regex-5.0.0.tgz",
            "integrity": "sha512-bY6fj56OUQ0hU1KjFNDQuJFezqKdrAyFdIevADiqrWHwSlbmBNMHp5ak2f40Pm8JTFyM2mqxkG6ngkHO11f/lg=="
        },
        "ansi-styles": {
            "version": "4.3.0",
            "resolved": "https://registry.npmjs.org/ansi-styles/-/ansi-styles-4.3.0.tgz",
            "integrity": "sha512-zbB9rCJAT1rbjiVDb2hqKFHNYLxgtk8NURxZ3IZwD3F6NtxbXZQCnnSi1Lkx+IDohdPlFp222wVALIheZJQSEg==",
            "requires": {
                "color-convert": "^2.0.1"
            }
        },
        "ape-ecs": {
            "version": "1.3.0",
            "resolved": "https://registry.npmjs.org/ape-ecs/-/ape-ecs-1.3.0.tgz",
            "integrity": "sha512-968xe09Kqm6lJh8bL3T99boy2Sut2Ntycd0UEuSxalpMAg83stJPqKCdqqOYgA8iDx6cqPUxeOw2o7SrjPZN+Q=="
        },
        "astral-regex": {
            "version": "2.0.0",
            "resolved": "https://registry.npmjs.org/astral-regex/-/astral-regex-2.0.0.tgz",
            "integrity": "sha512-Z7tMw1ytTXt5jqMcOP+OQteU1VuNK9Y02uuJtKQ1Sv69jXQKKg5cibLwGJow8yzZP+eAc18EmLGPal0bp36rvQ=="
        },
        "bitecs": {
            "version": "0.2.7",
            "resolved": "https://registry.npmjs.org/bitecs/-/bitecs-0.2.7.tgz",
            "integrity": "sha512-yZzb9BC7hR30AwCrh8/cvl4v877ZfHHQzxyQvw5UFjSuNwpmWPEm90DW4NmtSjWRgCq9xQOCbsKDuhsKB2aTxg=="
        },
        "camelcase": {
            "version": "6.0.0",
            "resolved": "https://registry.npmjs.org/camelcase/-/camelcase-6.0.0.tgz",
            "integrity": "sha512-8KMDF1Vz2gzOq54ONPJS65IvTUaB1cHJ2DMM7MbPmLZljDH1qpzzLsWdiN9pHh6qvkRVDTi/07+eNGch/oLU4w=="
        },
        "cli-cursor": {
            "version": "3.1.0",
            "resolved": "https://registry.npmjs.org/cli-cursor/-/cli-cursor-3.1.0.tgz",
            "integrity": "sha512-I/zHAwsKf9FqGoXM4WWRACob9+SNukZTd94DWF57E4toouRulbCxcUh6RKUEOQlYTHJnzkPMySvPNaaSLNfLZw==",
            "requires": {
                "restore-cursor": "^3.1.0"
            }
        },
        "color-convert": {
            "version": "2.0.1",
            "resolved": "https://registry.npmjs.org/color-convert/-/color-convert-2.0.1.tgz",
            "integrity": "sha512-RRECPsj7iu/xb5oKYcsFHSppFNnsj/52OVTRKb4zP5onXwVF3zVmmToNcOfGC+CRDpfK/U584fMg38ZHCaElKQ==",
            "requires": {
                "color-name": "~1.1.4"
            }
        },
        "color-name": {
            "version": "1.1.4",
            "resolved": "https://registry.npmjs.org/color-name/-/color-name-1.1.4.tgz",
            "integrity": "sha512-dOy+3AuW3a2wNbZHIuMZpTcgjGuLU/uBL/ubcZF9OXbDo8ff4O8yVp5Bf0efS8uEoYo5q4Fx7dY9OgQGXgAsQA=="
        },
        "ecsy": {
            "version": "0.4.2",
            "resolved": "https://registry.npmjs.org/ecsy/-/ecsy-0.4.2.tgz",
            "integrity": "sha512-dVKOkuz1IsRvS7GlHcWghUtMZzXr70h6b+SQEHlKy2RgsCRNDzdYr6a43Q6HafuquA/67YFZCQt8zqadq/jlLA=="
        },
        "elegant-spinner": {
            "version": "2.0.0",
            "resolved": "https://registry.npmjs.org/elegant-spinner/-/elegant-spinner-2.0.0.tgz",
            "integrity": "sha512-5YRYHhvhYzV/FC4AiMdeSIg3jAYGq9xFvbhZMpPlJoBsfYgrw2DSCYeXfat6tYBu45PWiyRr3+flaCPPmviPaA=="
        },
        "emoji-regex": {
            "version": "8.0.0",
            "resolved": "https://registry.npmjs.org/emoji-regex/-/emoji-regex-8.0.0.tgz",
            "integrity": "sha512-MSjYzcWNOA0ewAHpz0MxpYFvwg6yjy1NG3xteoqz644VCo/RPgnr1/GGt+ic3iJTzQ8Eu3TdM14SawnVUmGE6A=="
        },
        "fastecs": {
            "version": "0.0.3",
            "resolved": "https://registry.npmjs.org/fastecs/-/fastecs-0.0.3.tgz",
            "integrity": "sha512-WaqKvseOn8BLns8VCJb1upsH4FlFzfUBKZAm9OmMK+h4E/bFbzx+mpBQ/bxncWpfRw3Tl7z9LDWqB4yc35aN7Q=="
        },
        "geotic": {
            "version": "4.1.0",
            "resolved": "https://registry.npmjs.org/geotic/-/geotic-4.1.0.tgz",
            "integrity": "sha512-JgsJKzagCzC29v2dy0J/Gtsid1+3fmRN6WhX3NXUKYtHM5uDMIsQwP/R00LJFzCIQhyq5YxkXxGulL1B5gILeQ==",
            "requires": {
                "camelcase": "6.0.0",
                "nanoid": "3.1.3"
            }
        },
        "geotic-legacy": {
            "version": "3.5.5",
            "resolved": "https://registry.npmjs.org/geotic-legacy/-/geotic-legacy-3.5.5.tgz",
            "integrity": "sha512-eJcgP/favflF+O8P0rv3fxyuEoriwfGzM8/i81EWFcFyuR88QfDzWDelyIZNqRuE6ZBDhuxKIO7PQPA0DAlaug==",
            "requires": {
                "camelcase": "6.0.0",
                "nanoid": "3.1.3"
            }
        },
        "is-fullwidth-code-point": {
            "version": "3.0.0",
            "resolved": "https://registry.npmjs.org/is-fullwidth-code-point/-/is-fullwidth-code-point-3.0.0.tgz",
            "integrity": "sha512-zymm5+u+sCsSWyD9qNaejV3DFvhCKclKdizYaJUuHA83RLjb7nSuGnddCHGv0hk+KY7BMAlsWeK4Ueg6EV6XQg=="
        },
        "log-update": {
            "version": "4.0.0",
            "resolved": "https://registry.npmjs.org/log-update/-/log-update-4.0.0.tgz",
            "integrity": "sha512-9fkkDevMefjg0mmzWFBW8YkFP91OrizzkW3diF7CpG+S2EYdy4+TVfGwz1zeF8x7hCx1ovSPTOE9Ngib74qqUg==",
            "requires": {
                "ansi-escapes": "^4.3.0",
                "cli-cursor": "^3.1.0",
                "slice-ansi": "^4.0.0",
                "wrap-ansi": "^6.2.0"
            }
        },
        "mimic-fn": {
            "version": "2.1.0",
            "resolved": "https://registry.npmjs.org/mimic-fn/-/mimic-fn-2.1.0.tgz",
            "integrity": "sha512-OqbOk5oEQeAZ8WXWydlu9HJjz9WVdEIvamMCcXmuqUYjTknH/sqsWvhQ3vgwKFRR1HpjvNBKQ37nbJgYzGqGcg=="
        },
        "nano-ecs": {
            "version": "2.4.0",
            "resolved": "https://registry.npmjs.org/nano-ecs/-/nano-ecs-2.4.0.tgz",
            "integrity": "sha512-joV4lvMWQaxgEzkwpeNCF/R/iOwPXzhFe/Ekc4zZGI0HgurYnoULXEPnxR7yv6QFkQEwoAPx5eEcrT1lbHTSpQ==",
            "requires": {
                "reuse-pool": "^1.0.2",
                "typedef": "~1.0.2"
            }
        },
        "nanoid": {
            "version": "3.1.3",
            "resolved": "https://registry.npmjs.org/nanoid/-/nanoid-3.1.3.tgz",
            "integrity": "sha512-Zw8rTOUfh6FlKgkEbHiB1buOF2zOPOQyGirABUWn+9Z7m9PpyoLVkh6Ksc53vBjndINQ2+9LfRPaHxb/u45EGg=="
        },
        "onetime": {
            "version": "5.1.2",
            "resolved": "https://registry.npmjs.org/onetime/-/onetime-5.1.2.tgz",
            "integrity": "sha512-kbpaSSGJTWdAY5KPVeMOKXSrPtr8C8C7wodJbcsd51jRnmD+GZu8Y0VoU6Dm5Z4vWr0Ig/1NKuWRKf7j5aaYSg==",
            "requires": {
                "mimic-fn": "^2.1.0"
            }
        },
        "perform-ecs": {
            "version": "0.7.8",
            "resolved": "https://registry.npmjs.org/perform-ecs/-/perform-ecs-0.7.8.tgz",
            "integrity": "sha512-+4WYfCW6/ZVYQDF+78RJc7oWmK2dqtfsdDRfB/kyiHfbQfRIWldJqn2hpQt0ByDWQgtFQrMGGpED1S9wQj3WOw=="
        },
        "prettier": {
            "version": "2.2.1",
            "resolved": "https://registry.npmjs.org/prettier/-/prettier-2.2.1.tgz",
            "integrity": "sha512-PqyhM2yCjg/oKkFPtTGUojv7gnZAoG80ttl45O6x2Ug/rMJw4wcc9k6aaf2hibP7BGVCCM33gZoGjyvt9mm16Q==",
            "dev": true
        },
        "restore-cursor": {
            "version": "3.1.0",
            "resolved": "https://registry.npmjs.org/restore-cursor/-/restore-cursor-3.1.0.tgz",
            "integrity": "sha512-l+sSefzHpj5qimhFSE5a8nufZYAM3sBSVMAPtYkmC+4EH2anSGaEMXSD0izRQbu9nfyQ9y5JrVmp7E8oZrUjvA==",
            "requires": {
                "onetime": "^5.1.0",
                "signal-exit": "^3.0.2"
            }
        },
        "reuse-pool": {
            "version": "1.0.2",
            "resolved": "https://registry.npmjs.org/reuse-pool/-/reuse-pool-1.0.2.tgz",
            "integrity": "sha1-hPCRVk2N/EagPKeCWss3E3W21Fw="
        },
        "signal-exit": {
            "version": "3.0.3",
            "resolved": "https://registry.npmjs.org/signal-exit/-/signal-exit-3.0.3.tgz",
            "integrity": "sha512-VUJ49FC8U1OxwZLxIbTTrDvLnf/6TDgxZcK8wxR8zs13xpx7xbG60ndBlhNrFi2EMuFRoeDoJO7wthSLq42EjA=="
        },
        "slice-ansi": {
            "version": "4.0.0",
            "resolved": "https://registry.npmjs.org/slice-ansi/-/slice-ansi-4.0.0.tgz",
            "integrity": "sha512-qMCMfhY040cVHT43K9BFygqYbUPFZKHOg7K73mtTWJRb8pyP3fzf4Ixd5SzdEJQ6MRUg/WBnOLxghZtKKurENQ==",
            "requires": {
                "ansi-styles": "^4.0.0",
                "astral-regex": "^2.0.0",
                "is-fullwidth-code-point": "^3.0.0"
            }
        },
        "string-width": {
            "version": "4.2.0",
            "resolved": "https://registry.npmjs.org/string-width/-/string-width-4.2.0.tgz",
            "integrity": "sha512-zUz5JD+tgqtuDjMhwIg5uFVV3dtqZ9yQJlZVfq4I01/K5Paj5UHj7VyrQOJvzawSVlKpObApbfD0Ed6yJc+1eg==",
            "requires": {
                "emoji-regex": "^8.0.0",
                "is-fullwidth-code-point": "^3.0.0",
                "strip-ansi": "^6.0.0"
            }
        },
        "strip-ansi": {
            "version": "6.0.0",
            "resolved": "https://registry.npmjs.org/strip-ansi/-/strip-ansi-6.0.0.tgz",
            "integrity": "sha512-AuvKTrTfQNYNIctbR1K/YGTR1756GycPsg7b9bdV9Duqur4gv6aKqHXah67Z8ImS7WEz5QVcOtlfW2rZEugt6w==",
            "requires": {
                "ansi-regex": "^5.0.0"
            }
        },
        "tiny-ecs": {
            "version": "2.0.0",
            "resolved": "https://registry.npmjs.org/tiny-ecs/-/tiny-ecs-2.0.0.tgz",
            "integrity": "sha1-lmuB+UqXXasI1GCmkdYl90wpVBw=",
            "requires": {
                "typedef": "~1.0.2"
            }
        },
        "type-fest": {
            "version": "0.11.0",
            "resolved": "https://registry.npmjs.org/type-fest/-/type-fest-0.11.0.tgz",
            "integrity": "sha512-OdjXJxnCN1AvyLSzeKIgXTXxV+99ZuXl3Hpo9XpJAv9MBcHrrJOQ5kV7ypXOuQie+AmWG25hLbiKdwYTifzcfQ=="
        },
        "typedef": {
            "version": "1.0.4",
            "resolved": "https://registry.npmjs.org/typedef/-/typedef-1.0.4.tgz",
            "integrity": "sha1-+DOIgWkWBk2UYAjZrrKXyqq/ODs="
        },
        "uecs": {
            "version": "0.1.7",
            "resolved": "https://registry.npmjs.org/uecs/-/uecs-0.1.7.tgz",
            "integrity": "sha512-fFs6Ive0p9q/hcd7UGnZSudHAHeC3YLI4S3nqG78U+MKdW0AV/fN806kuX7Y+LPMkGAJKphS6qt7J2FFMfpjEA=="
        },
        "wrap-ansi": {
            "version": "6.2.0",
            "resolved": "https://registry.npmjs.org/wrap-ansi/-/wrap-ansi-6.2.0.tgz",
            "integrity": "sha512-r6lPcBGxZXlIcymEu7InxDMhdW0KDxpLgoFLcguasxCaJ/SOIZwINatK9KY/tf+ZrlywOKU0UDj3ATXUBfxJXA==",
            "requires": {
                "ansi-styles": "^4.0.0",
                "string-width": "^4.1.0",
                "strip-ansi": "^6.0.0"
            }
        },
        "yagl-ecs": {
            "version": "1.1.0",
            "resolved": "https://registry.npmjs.org/yagl-ecs/-/yagl-ecs-1.1.0.tgz",
            "integrity": "sha1-dM1Qe/USpKEqmIYHFAR9/CQaaaY="
        }
    }
}
